<?xml version="1.0" encoding="UTF-8" standalone="yes" ?>
<CodeBlocks_project_file>
	<FileVersion major="1" minor="6" />
	<Project>
		<Option title="Demo_Opmode" />
		<Option pch_mode="2" />
		<Option compiler="msp430gcc" />
		<Build>
			<Target title="Debug">
				<Option output="bin\Debug\Demo_Opmode" prefix_auto="1" extension_auto="1" />
				<Option object_output="obj\Debug\" />
				<Option type="1" />
				<Option compiler="msp430gcc" />
				<Compiler>
					<Add option="-Os" />
					<Add option="-O1" />
					<Add option="-Wall" />
					<Add option="-g" />
					<Add option="-mmcu=cc430f5137" />
					<Add option="-DAG430DK_GW1" />
					<Add directory="..\..\..\..\OTlib" />
					<Add directory="..\..\Code" />
					<Add directory="..\..\..\..\Board" />
					<Add directory="..\..\..\..\OTplatform\CC430" />
					<Add directory="..\..\..\..\OTplatform\CC430\cc430_lib" />
					<Add directory="..\..\..\..\OTradio\CC430" />
					<Add directory="..\..\..\..\OTkernel\~Native" />
				</Compiler>
				<Linker>
					<Add option="-mmcu=cc430f5137" />
				</Linker>
			</Target>
			<Target title="Release">
				<Option output="bin\Release\Demo_Opmode" prefix_auto="1" extension_auto="1" />
				<Option object_output="obj\Release\" />
				<Option type="1" />
				<Option compiler="msp430gcc" />
				<Compiler>
					<Add option="-O2" />
				</Compiler>
				<Linker>
					<Add option="-s" />
				</Linker>
			</Target>
		</Build>
		<Compiler>
			<Add option="-mmcu=cc430f5137" />
			<Add option="-fdata-sections" />
			<Add option="-ffunction-sections" />
		</Compiler>
		<Linker>
			<Add option="-mmcu=cc430f5137" />
			<Add option="-Wl,--gc-sections" />
			<Add option="-Wl,--print-gc-sections" />
			<Add option="-Wl,-Map,Demo_Opmode.map" />
		</Linker>
		<Unit filename="..\..\Code\main_CC430.c">
			<Option compilerVar="CC" />
		</Unit>
		<Unit filename="..\..\..\..\OTkernel\~Native\system.c">
			<Option compilerVar="CC" />
		</Unit>
		<Unit filename="..\..\..\..\OTlib\M2QP.c">
			<Option compilerVar="CC" />
		</Unit>
		<Unit filename="..\..\..\..\OTlib\M2_network.c">
			<Option compilerVar="CC" />
		</Unit>
		<Unit filename="..\..\..\..\OTlib\OTAPI_logger.c">
			<Option compilerVar="CC" />
		</Unit>
		<Unit filename="..\..\..\..\OTlib\OT_utils.c">
			<Option compilerVar="CC" />
		</Unit>
		<Unit filename="..\..\..\..\OTlib\alp_api_server.c">
			<Option compilerVar="CC" />
		</Unit>
		<Unit filename="..\..\..\..\OTlib\alp_filedata.c">
			<Option compilerVar="CC" />
		</Unit>
		<Unit filename="..\..\..\..\OTlib\alp_logger.c">
			<Option compilerVar="CC" />
		</Unit>
		<Unit filename="..\..\..\..\OTlib\alp_main.c">
			<Option compilerVar="CC" />
		</Unit>
		<Unit filename="..\..\..\..\OTlib\auth.c">
			<Option compilerVar="CC" />
		</Unit>
		<Unit filename="..\..\..\..\OTlib\buffers.c">
			<Option compilerVar="CC" />
		</Unit>
		<Unit filename="..\..\..\..\OTlib\crc16.c">
			<Option compilerVar="CC" />
		</Unit>
		<Unit filename="..\..\..\..\OTlib\encode_M2.c">
			<Option compilerVar="CC" />
		</Unit>
		<Unit filename="..\..\..\..\OTlib\external.c">
			<Option compilerVar="CC" />
		</Unit>
		<Unit filename="..\..\..\..\OTlib\queue.c">
			<Option compilerVar="CC" />
		</Unit>
		<Unit filename="..\..\..\..\OTlib\session.c">
			<Option compilerVar="CC" />
		</Unit>
		<Unit filename="..\..\..\..\OTlib\veelite.c">
			<Option compilerVar="CC" />
		</Unit>
		<Unit filename="..\..\..\..\OTplatform\CC430\cc430_lib\cc430_flash.c">
			<Option compilerVar="CC" />
		</Unit>
		<Unit filename="..\..\..\..\OTplatform\CC430\cc430_lib\cc430_pmm.c">
			<Option compilerVar="CC" />
		</Unit>
		<Unit filename="..\..\..\..\OTplatform\CC430\cc430_lib\cc430_rf.c">
			<Option compilerVar="CC" />
		</Unit>
		<Unit filename="..\..\..\..\OTplatform\CC430\cc430_lib\cc430_ucs.c">
			<Option compilerVar="CC" />
		</Unit>
		<Unit filename="..\..\..\..\OTplatform\CC430\mpipe_CC430.c">
			<Option compilerVar="CC" />
		</Unit>
		<Unit filename="..\..\..\..\OTplatform\CC430\platform_CC430.c">
			<Option compilerVar="CC" />
		</Unit>
		<Unit filename="..\..\..\..\OTplatform\CC430\veelite_core_X2_CC430.c">
			<Option compilerVar="CC" />
		</Unit>
		<Unit filename="..\..\..\..\OTradio\CC430\radio_CC430.c">
			<Option compilerVar="CC" />
		</Unit>
		<Extensions>
			<code_completion />
			<debugger />
		</Extensions>
	</Project>
</CodeBlocks_project_file>
